#MicroXplorer Configuration settings - do not modify
ADC3.Channel-1\#ChannelRegularConversion=ADC_CHANNEL_5
ADC3.Channel-2\#ChannelRegularConversion=ADC_CHANNEL_10
ADC3.Channel-3\#ChannelRegularConversion=ADC_CHANNEL_4
ADC3.Channel-4\#ChannelRegularConversion=ADC_CHANNEL_7
ADC3.Channel-5\#ChannelRegularConversion=ADC_CHANNEL_15
ADC3.Channel-6\#ChannelRegularConversion=ADC_CHANNEL_6
ADC3.IPParameters=Rank-1\#ChannelRegularConversion,Channel-1\#ChannelRegularConversion,SamplingTime-1\#ChannelRegularConversion,NbrOfConversionFlag,Rank-2\#ChannelRegularConversion,Channel-2\#ChannelRegularConversion,SamplingTime-2\#ChannelRegularConversion,Rank-3\#ChannelRegularConversion,Channel-3\#ChannelRegularConversion,SamplingTime-3\#ChannelRegularConversion,Rank-4\#ChannelRegularConversion,Channel-4\#ChannelRegularConversion,SamplingTime-4\#ChannelRegularConversion,Rank-5\#ChannelRegularConversion,Channel-5\#ChannelRegularConversion,SamplingTime-5\#ChannelRegularConversion,Rank-6\#ChannelRegularConversion,Channel-6\#ChannelRegularConversion,SamplingTime-6\#ChannelRegularConversion,NbrOfConversion,Resolution
ADC3.NbrOfConversion=6
ADC3.NbrOfConversionFlag=1
ADC3.Rank-1\#ChannelRegularConversion=1
ADC3.Rank-2\#ChannelRegularConversion=2
ADC3.Rank-3\#ChannelRegularConversion=3
ADC3.Rank-4\#ChannelRegularConversion=4
ADC3.Rank-5\#ChannelRegularConversion=5
ADC3.Rank-6\#ChannelRegularConversion=6
ADC3.Resolution=ADC_RESOLUTION_10B
ADC3.SamplingTime-1\#ChannelRegularConversion=ADC_SAMPLETIME_3CYCLES
ADC3.SamplingTime-2\#ChannelRegularConversion=ADC_SAMPLETIME_3CYCLES
ADC3.SamplingTime-3\#ChannelRegularConversion=ADC_SAMPLETIME_3CYCLES
ADC3.SamplingTime-4\#ChannelRegularConversion=ADC_SAMPLETIME_3CYCLES
ADC3.SamplingTime-5\#ChannelRegularConversion=ADC_SAMPLETIME_3CYCLES
ADC3.SamplingTime-6\#ChannelRegularConversion=ADC_SAMPLETIME_3CYCLES
Dma.ADC3.0.Direction=DMA_PERIPH_TO_MEMORY
Dma.ADC3.0.FIFOMode=DMA_FIFOMODE_DISABLE
Dma.ADC3.0.Instance=DMA2_Stream0
Dma.ADC3.0.MemDataAlignment=DMA_MDATAALIGN_WORD
Dma.ADC3.0.MemInc=DMA_MINC_ENABLE
Dma.ADC3.0.Mode=DMA_CIRCULAR
Dma.ADC3.0.PeriphDataAlignment=DMA_PDATAALIGN_WORD
Dma.ADC3.0.PeriphInc=DMA_PINC_DISABLE
Dma.ADC3.0.Priority=DMA_PRIORITY_LOW
Dma.ADC3.0.RequestParameters=Instance,Direction,PeriphInc,MemInc,PeriphDataAlignment,MemDataAlignment,Mode,Priority,FIFOMode
Dma.Request0=ADC3
Dma.Request1=UART4_TX
Dma.RequestsNb=2
Dma.UART4_TX.1.Direction=DMA_MEMORY_TO_PERIPH
Dma.UART4_TX.1.FIFOMode=DMA_FIFOMODE_DISABLE
Dma.UART4_TX.1.Instance=DMA1_Stream4
Dma.UART4_TX.1.MemDataAlignment=DMA_MDATAALIGN_BYTE
Dma.UART4_TX.1.MemInc=DMA_MINC_ENABLE
Dma.UART4_TX.1.Mode=DMA_NORMAL
Dma.UART4_TX.1.PeriphDataAlignment=DMA_PDATAALIGN_BYTE
Dma.UART4_TX.1.PeriphInc=DMA_PINC_DISABLE
Dma.UART4_TX.1.Priority=DMA_PRIORITY_LOW
Dma.UART4_TX.1.RequestParameters=Instance,Direction,PeriphInc,MemInc,PeriphDataAlignment,MemDataAlignment,Mode,Priority,FIFOMode
FATFS.BSP.number=1
FATFS0.BSP.STBoard=false
FATFS0.BSP.api=Unknown
FATFS0.BSP.component=
FATFS0.BSP.condition=
FATFS0.BSP.i2caddr=0
FATFS0.BSP.i2creg=
FATFS0.BSP.instance=PA15
FATFS0.BSP.ip=GPIO
FATFS0.BSP.mode=Input
FATFS0.BSP.name=Detect_SDIO
FATFS0.BSP.semaphore=
FATFS0.BSP.solution=PA15
File.Version=6
GPIO.groupedBy=Group By Peripherals
I2C2.I2C_Fall_Time=100
I2C2.I2C_Rise_Time=100
I2C2.I2C_Speed_Mode=I2C_Fast
I2C2.IPParameters=Timing,I2C_Speed_Mode,I2C_Rise_Time,I2C_Fall_Time
I2C2.Timing=0x0040131C
KeepUserPlacement=false
Mcu.Family=STM32F7
Mcu.IP0=ADC3
Mcu.IP1=CORTEX_M7
Mcu.IP10=TIM2
Mcu.IP11=TIM3
Mcu.IP12=UART4
Mcu.IP13=USART2
Mcu.IP2=DMA
Mcu.IP3=FATFS
Mcu.IP4=I2C2
Mcu.IP5=NVIC
Mcu.IP6=RCC
Mcu.IP7=SDMMC1
Mcu.IP8=SPI2
Mcu.IP9=SYS
Mcu.IPNb=14
Mcu.Name=STM32F767ZITx
Mcu.Package=LQFP144
Mcu.Pin0=PE2
Mcu.Pin1=PE3
Mcu.Pin10=PF7
Mcu.Pin11=PF8
Mcu.Pin12=PF9
Mcu.Pin13=PF10
Mcu.Pin14=PH0/OSC_IN
Mcu.Pin15=PH1/OSC_OUT
Mcu.Pin16=PC0
Mcu.Pin17=PA0/WKUP
Mcu.Pin18=PA1
Mcu.Pin19=PA5
Mcu.Pin2=PE6
Mcu.Pin20=PA6
Mcu.Pin21=PC4
Mcu.Pin22=PB0
Mcu.Pin23=PB2
Mcu.Pin24=PF11
Mcu.Pin25=PG0
Mcu.Pin26=PG1
Mcu.Pin27=PE7
Mcu.Pin28=PE8
Mcu.Pin29=PE9
Mcu.Pin3=PC13
Mcu.Pin30=PE14
Mcu.Pin31=PE15
Mcu.Pin32=PB10
Mcu.Pin33=PB12
Mcu.Pin34=PB13
Mcu.Pin35=PB14
Mcu.Pin36=PB15
Mcu.Pin37=PD8
Mcu.Pin38=PD9
Mcu.Pin39=PD10
Mcu.Pin4=PC14/OSC32_IN
Mcu.Pin40=PD11
Mcu.Pin41=PD12
Mcu.Pin42=PD13
Mcu.Pin43=PD14
Mcu.Pin44=PD15
Mcu.Pin45=PG3
Mcu.Pin46=PG4
Mcu.Pin47=PG5
Mcu.Pin48=PC8
Mcu.Pin49=PC9
Mcu.Pin5=PC15/OSC32_OUT
Mcu.Pin50=PA13
Mcu.Pin51=PA14
Mcu.Pin52=PA15
Mcu.Pin53=PC10
Mcu.Pin54=PC11
Mcu.Pin55=PC12
Mcu.Pin56=PD2
Mcu.Pin57=PD4
Mcu.Pin58=PD5
Mcu.Pin59=PD6
Mcu.Pin6=PF0
Mcu.Pin60=PB3
Mcu.Pin61=PB6
Mcu.Pin62=PB7
Mcu.Pin63=PB8
Mcu.Pin64=PB9
Mcu.Pin65=VP_FATFS_VS_SDIO
Mcu.Pin66=VP_SYS_VS_tim6
Mcu.Pin67=VP_TIM2_VS_ClockSourceINT
Mcu.Pin68=VP_TIM3_VS_ClockSourceINT
Mcu.Pin7=PF1
Mcu.Pin8=PF5
Mcu.Pin9=PF6
Mcu.PinsNb=69
Mcu.ThirdPartyNb=0
Mcu.UserConstants=
Mcu.UserName=STM32F767ZITx
MxCube.Version=6.3.0
MxDb.Version=DB.6.0.30
NVIC.BusFault_IRQn=true\:0\:0\:false\:false\:true\:true\:false
NVIC.DMA1_Stream4_IRQn=true\:0\:0\:false\:false\:true\:false\:true
NVIC.DMA2_Stream0_IRQn=true\:0\:0\:false\:false\:true\:false\:true
NVIC.DebugMonitor_IRQn=true\:0\:0\:false\:false\:true\:true\:false
NVIC.EXTI0_IRQn=true\:6\:0\:true\:false\:true\:true\:true
NVIC.EXTI1_IRQn=true\:6\:0\:true\:false\:true\:true\:true
NVIC.ForceEnableDMAVector=true
NVIC.HardFault_IRQn=true\:0\:0\:false\:false\:true\:true\:false
NVIC.MemoryManagement_IRQn=true\:0\:0\:false\:false\:true\:true\:false
NVIC.NonMaskableInt_IRQn=true\:0\:0\:false\:false\:true\:true\:false
NVIC.PendSV_IRQn=true\:0\:0\:false\:false\:false\:true\:false
NVIC.PriorityGroup=NVIC_PRIORITYGROUP_4
NVIC.SVCall_IRQn=true\:0\:0\:false\:false\:false\:true\:false
NVIC.SysTick_IRQn=true\:0\:0\:false\:false\:false\:true\:true
NVIC.TIM6_DAC_IRQn=true\:15\:0\:false\:false\:true\:false\:true
NVIC.TimeBase=TIM6_DAC_IRQn
NVIC.TimeBaseIP=TIM6
NVIC.UART4_IRQn=true\:6\:0\:true\:false\:true\:true\:true
NVIC.UsageFault_IRQn=true\:0\:0\:false\:false\:true\:true\:false
PA0/WKUP.GPIOParameters=GPIO_Speed,GPIO_Label
PA0/WKUP.GPIO_Label=GPS_TX
PA0/WKUP.GPIO_Speed=GPIO_SPEED_FREQ_MEDIUM
PA0/WKUP.Locked=true
PA0/WKUP.Mode=Asynchronous
PA0/WKUP.Signal=UART4_TX
PA1.GPIOParameters=GPIO_Speed,GPIO_Label
PA1.GPIO_Label=GPS_RX
PA1.GPIO_Speed=GPIO_SPEED_FREQ_MEDIUM
PA1.Locked=true
PA1.Mode=Asynchronous
PA1.Signal=UART4_RX
PA13.GPIOParameters=GPIO_Label
PA13.GPIO_Label=TMS
PA13.Locked=true
PA13.Mode=Serial_Wire
PA13.Signal=SYS_JTMS-SWDIO
PA14.GPIOParameters=GPIO_Label
PA14.GPIO_Label=TCK
PA14.Locked=true
PA14.Mode=Serial_Wire
PA14.Signal=SYS_JTCK-SWCLK
PA15.Locked=true
PA15.Signal=GPIO_Input
PA5.GPIOParameters=GPIO_Speed,GPIO_Label
PA5.GPIO_Label=PWM_M1
PA5.GPIO_Speed=GPIO_SPEED_FREQ_MEDIUM
PA5.Locked=true
PA5.Signal=S_TIM2_CH1_ETR
PA6.GPIOParameters=GPIO_Speed,GPIO_Label
PA6.GPIO_Label=DIR_M1
PA6.GPIO_Speed=GPIO_SPEED_FREQ_MEDIUM
PA6.Locked=true
PA6.Signal=GPIO_Output
PB0.GPIOParameters=GPIO_Speed,GPIO_Label
PB0.GPIO_Label=PWM_M2
PB0.GPIO_Speed=GPIO_SPEED_FREQ_MEDIUM
PB0.Locked=true
PB0.Signal=S_TIM3_CH3
PB10.GPIOParameters=GPIO_Label
PB10.GPIO_Label=EN_M4
PB10.Locked=true
PB10.Signal=GPIO_Output
PB12.GPIOParameters=GPIO_Label
PB12.GPIO_Label=RADIO_NSS
PB12.Locked=true
PB12.Mode=NSS_Signal_Hard_Output
PB12.Signal=SPI2_NSS
PB13.GPIOParameters=GPIO_Label
PB13.GPIO_Label=RADIO_CLK
PB13.Locked=true
PB13.Mode=Full_Duplex_Master
PB13.Signal=SPI2_SCK
PB14.GPIOParameters=GPIO_Label
PB14.GPIO_Label=RADIO_MISO
PB14.Locked=true
PB14.Mode=Full_Duplex_Master
PB14.Signal=SPI2_MISO
PB15.GPIOParameters=GPIO_Label
PB15.GPIO_Label=RADIO_MOSI
PB15.Locked=true
PB15.Mode=Full_Duplex_Master
PB15.Signal=SPI2_MOSI
PB2.GPIOParameters=GPIO_Speed,GPIO_Label
PB2.GPIO_Label=EN_M2
PB2.GPIO_Speed=GPIO_SPEED_FREQ_MEDIUM
PB2.Locked=true
PB2.Signal=GPIO_Output
PB3.GPIOParameters=GPIO_Label
PB3.GPIO_Label=SWO
PB3.Locked=true
PB3.Signal=SYS_JTDO-SWO
PB6.GPIOParameters=GPIO_Label
PB6.GPIO_Label=DIO0
PB6.Locked=true
PB6.Signal=GPIO_Input
PB7.GPIOParameters=GPIO_Label
PB7.GPIO_Label=DIO1
PB7.Locked=true
PB7.Signal=GPIO_Input
PB8.GPIOParameters=GPIO_Label
PB8.GPIO_Label=DIO2
PB8.Locked=true
PB8.Signal=GPIO_Input
PB9.GPIOParameters=GPIO_Label
PB9.GPIO_Label=DIO3
PB9.Locked=true
PB9.Signal=GPIO_Input
PC0.GPIOParameters=GPIO_Label
PC0.GPIO_Label=IBAT_SEQ
PC0.Locked=true
PC0.Signal=SharedAnalog_PC0
PC10.Mode=SD_4_bits_Wide_bus
PC10.Signal=SDMMC1_D2
PC11.Mode=SD_4_bits_Wide_bus
PC11.Signal=SDMMC1_D3
PC12.Mode=SD_4_bits_Wide_bus
PC12.Signal=SDMMC1_CK
PC13.GPIOParameters=GPIO_Label
PC13.GPIO_Label=DIO3_HMI
PC13.Locked=true
PC13.Signal=GPXTI13
PC14/OSC32_IN.GPIOParameters=GPIO_Label
PC14/OSC32_IN.GPIO_Label=DIO2_HMI
PC14/OSC32_IN.Locked=true
PC14/OSC32_IN.Signal=GPXTI14
PC15/OSC32_OUT.GPIOParameters=GPIO_Label
PC15/OSC32_OUT.GPIO_Label=DI1O_HMI
PC15/OSC32_OUT.Locked=true
PC15/OSC32_OUT.Signal=GPXTI15
PC4.GPIOParameters=GPIO_Speed,GPIO_Label
PC4.GPIO_Label=EN_M1
PC4.GPIO_Speed=GPIO_SPEED_FREQ_MEDIUM
PC4.Locked=true
PC4.Signal=GPIO_Output
PC8.Mode=SD_4_bits_Wide_bus
PC8.Signal=SDMMC1_D0
PC9.Mode=SD_4_bits_Wide_bus
PC9.Signal=SDMMC1_D1
PD10.GPIOParameters=GPIO_Label
PD10.GPIO_Label=END_32
PD10.Locked=true
PD10.Signal=GPIO_Input
PD11.GPIOParameters=GPIO_Label
PD11.GPIO_Label=END_31
PD11.Locked=true
PD11.Signal=GPIO_Input
PD12.GPIOParameters=GPIO_Label
PD12.GPIO_Label=END_22
PD12.Locked=true
PD12.Signal=GPIO_Input
PD13.GPIOParameters=GPIO_Label
PD13.GPIO_Label=END_21
PD13.Locked=true
PD13.Signal=GPIO_Input
PD14.GPIOParameters=GPIO_Label
PD14.GPIO_Label=END_12
PD14.Locked=true
PD14.Signal=GPIO_Input
PD15.GPIOParameters=GPIO_Label
PD15.GPIO_Label=END_11
PD15.Locked=true
PD15.Signal=GPIO_Input
PD2.Mode=SD_4_bits_Wide_bus
PD2.Signal=SDMMC1_CMD
PD4.GPIOParameters=GPIO_Speed,GPIO_Label
PD4.GPIO_Label=BUZZER
PD4.GPIO_Speed=GPIO_SPEED_FREQ_MEDIUM
PD4.Locked=true
PD4.Signal=GPIO_Output
PD5.GPIOParameters=GPIO_Label
PD5.GPIO_Label=HMI_TX
PD5.Locked=true
PD5.Mode=Asynchronous
PD5.Signal=USART2_TX
PD6.GPIOParameters=GPIO_Label
PD6.GPIO_Label=HMI_RX
PD6.Locked=true
PD6.Mode=Asynchronous
PD6.Signal=USART2_RX
PD8.GPIOParameters=GPIO_Label
PD8.GPIO_Label=END_42
PD8.Locked=true
PD8.Signal=GPIO_Input
PD9.GPIOParameters=GPIO_Label
PD9.GPIO_Label=END_41
PD9.Locked=true
PD9.Signal=GPIO_Input
PE14.GPIOParameters=GPIO_Label
PE14.GPIO_Label=PWM_M4
PE14.Locked=true
PE14.Signal=S_TIM1_CH4
PE15.GPIOParameters=GPIO_Label
PE15.GPIO_Label=DIR_M4
PE15.Locked=true
PE15.Signal=GPIO_Output
PE2.GPIOParameters=GPIO_Label
PE2.GPIO_Label=RF_MOD
PE2.Locked=true
PE2.Signal=GPIO_Output
PE3.GPIOParameters=GPIO_Label
PE3.GPIO_Label=RADIO_NRST
PE3.Locked=true
PE3.Signal=GPIO_Output
PE6.GPIOParameters=GPIO_Label
PE6.GPIO_Label=DIO4_HMI
PE6.Locked=true
PE6.Signal=GPXTI6
PE7.GPIOParameters=GPIO_Label
PE7.GPIO_Label=EN_M3
PE7.Locked=true
PE7.Signal=GPIO_Output
PE8.GPIOParameters=GPIO_Label
PE8.GPIO_Label=DIR_M3
PE8.Locked=true
PE8.Signal=GPIO_Output
PE9.GPIOParameters=GPIO_Label
PE9.GPIO_Label=PWM_M3
PE9.Locked=true
PE9.Signal=S_TIM1_CH1
PF0.Mode=I2C
PF0.Signal=I2C2_SDA
PF1.Mode=I2C
PF1.Signal=I2C2_SCL
PF10.GPIOParameters=GPIO_PuPd,GPIO_Label,GPIO_ModeDefaultEXTI
PF10.GPIO_Label=AEROCONTACT
PF10.GPIO_ModeDefaultEXTI=GPIO_MODE_IT_FALLING
PF10.GPIO_PuPd=GPIO_PULLUP
PF10.Locked=true
PF10.Signal=GPXTI10
PF11.GPIOParameters=GPIO_Speed,GPIO_Label
PF11.GPIO_Label=DIR_M2
PF11.GPIO_Speed=GPIO_SPEED_FREQ_MEDIUM
PF11.Locked=true
PF11.Signal=GPIO_Output
PF5.GPIOParameters=GPIO_Label
PF5.GPIO_Label=VBAT_MOTOR2
PF5.Locked=true
PF5.Signal=SharedAnalog_PF5
PF6.GPIOParameters=GPIO_Label
PF6.GPIO_Label=VBAT_MOTOR1
PF6.Locked=true
PF6.Signal=SharedAnalog_PF6
PF7.GPIOParameters=GPIO_Label
PF7.GPIO_Label=VBAT_SEQ
PF7.Locked=true
PF7.Signal=SharedAnalog_PF7
PF8.GPIOParameters=GPIO_Label
PF8.GPIO_Label=IBAT_MOTOR2
PF8.Locked=true
PF8.Signal=SharedAnalog_PF8
PF9.GPIOParameters=GPIO_Label
PF9.GPIO_Label=IBAT_MOTOR1
PF9.Locked=true
PF9.Signal=SharedAnalog_PF9
PG0.GPIOParameters=GPIO_PuPd,GPIO_Label,GPIO_ModeDefaultEXTI
PG0.GPIO_Label=RECOVERY_OPEN
PG0.GPIO_ModeDefaultEXTI=GPIO_MODE_IT_RISING_FALLING
PG0.GPIO_PuPd=GPIO_NOPULL
PG0.Locked=true
PG0.Signal=GPXTI0
PG1.GPIOParameters=GPIO_Label,GPIO_ModeDefaultEXTI
PG1.GPIO_Label=RECOVERY_CLOSE
PG1.GPIO_ModeDefaultEXTI=GPIO_MODE_IT_RISING_FALLING
PG1.Locked=true
PG1.Signal=GPXTI1
PG3.GPIOParameters=GPIO_Label
PG3.GPIO_Label=LED_M12
PG3.Locked=true
PG3.Signal=GPIO_Output
PG4.GPIOParameters=GPIO_Label
PG4.GPIO_Label=LED_M34
PG4.Locked=true
PG4.Signal=GPIO_Output
PG5.GPIOParameters=GPIO_Label
PG5.GPIO_Label=LED_SEQ
PG5.Locked=true
PG5.Signal=GPIO_Output
PH0/OSC_IN.Locked=true
PH0/OSC_IN.Mode=HSE-External-Oscillator
PH0/OSC_IN.Signal=RCC_OSC_IN
PH1/OSC_OUT.Locked=true
PH1/OSC_OUT.Mode=HSE-External-Oscillator
PH1/OSC_OUT.Signal=RCC_OSC_OUT
PinOutPanel.RotationAngle=0
ProjectManager.AskForMigrate=true
ProjectManager.BackupPrevious=false
ProjectManager.CompilerOptimize=6
ProjectManager.ComputerToolchain=false
ProjectManager.CoupleFile=true
ProjectManager.CustomerFirmwarePackage=
ProjectManager.DefaultFWLocation=true
ProjectManager.DeletePrevious=true
ProjectManager.DeviceId=STM32F767ZITx
ProjectManager.FirmwarePackage=STM32Cube FW_F7 V1.16.1
ProjectManager.FreePins=false
ProjectManager.HalAssertFull=false
ProjectManager.HeapSize=0x200
ProjectManager.KeepUserCode=true
ProjectManager.LastFirmware=true
ProjectManager.LibraryCopy=1
ProjectManager.MainLocation=Core/Src
ProjectManager.NoMain=false
ProjectManager.PreviousToolchain=
ProjectManager.ProjectBuild=false
ProjectManager.ProjectFileName=MS1_scheduler.ioc
ProjectManager.ProjectName=MS1_scheduler
ProjectManager.RegisterCallBack=
ProjectManager.StackSize=0x400
ProjectManager.TargetToolchain=STM32CubeIDE
ProjectManager.ToolChainLocation=
ProjectManager.UnderRoot=true
ProjectManager.functionlistsort=1-MX_GPIO_Init-GPIO-false-HAL-true,2-SystemClock_Config-RCC-false-HAL-false,3-MX_TIM2_Init-TIM2-false-HAL-true,4-MX_DMA_Init-DMA-false-HAL-true,5-MX_ADC3_Init-ADC3-false-HAL-true,6-MX_TIM3_Init-TIM3-false-HAL-true,7-MX_UART4_Init-UART4-false-HAL-true,8-MX_I2C2_Init-I2C2-false-HAL-true,9-MX_SDMMC1_SD_Init-SDMMC1-false-HAL-true,10-MX_FATFS_Init-FATFS-false-HAL-false,11-MX_SPI2_Init-SPI2-false-HAL-true,12-MX_USART2_UART_Init-USART2-false-HAL-true,0-MX_CORTEX_M7_Init-CORTEX_M7-false-HAL-true
RCC.48MHZClocksFreq_Value=24000000
RCC.ADC12outputFreq_Value=72000000
RCC.ADC34outputFreq_Value=72000000
RCC.AHBFreq_Value=48000000
RCC.APB1CLKDivider=RCC_HCLK_DIV2
RCC.APB1Freq_Value=24000000
RCC.APB1TimFreq_Value=48000000
RCC.APB2Freq_Value=48000000
RCC.APB2TimFreq_Value=48000000
RCC.CECFreq_Value=32786.88524590164
RCC.CortexFreq_Value=48000000
RCC.DFSDMAudioFreq_Value=192000000
RCC.DFSDMFreq_Value=48000000
RCC.EthernetFreq_Value=48000000
RCC.FCLKCortexFreq_Value=48000000
RCC.FamilyName=M
RCC.HCLKFreq_Value=48000000
RCC.HSE_VALUE=8000000
RCC.HSI_VALUE=16000000
RCC.I2C1Freq_Value=24000000
RCC.I2C2Freq_Value=24000000
RCC.I2C3Freq_Value=24000000
RCC.I2C4Freq_Value=24000000
RCC.I2SClocksFreq_Value=48000000
RCC.I2SFreq_Value=192000000
RCC.IPParameters=48MHZClocksFreq_Value,ADC12outputFreq_Value,ADC34outputFreq_Value,AHBFreq_Value,APB1CLKDivider,APB1Freq_Value,APB1TimFreq_Value,APB2Freq_Value,APB2TimFreq_Value,CECFreq_Value,CortexFreq_Value,DFSDMAudioFreq_Value,DFSDMFreq_Value,EthernetFreq_Value,FCLKCortexFreq_Value,FamilyName,HCLKFreq_Value,HSE_VALUE,HSI_VALUE,I2C1Freq_Value,I2C2Freq_Value,I2C3Freq_Value,I2C4Freq_Value,I2SClocksFreq_Value,I2SFreq_Value,LCDTFTFreq_Value,LCDTFToutputFreq_Value,LPTIM1Freq_Value,LSE_VALUE,LSI_VALUE,MCO1PinFreq_Value,MCO2PinFreq_Value,MCOFreq_Value,PLLCLKFreq_Value,PLLI2SPCLKFreq_Value,PLLI2SQCLKFreq_Value,PLLI2SRCLKFreq_Value,PLLI2SRoutputFreq_Value,PLLM,PLLMCOFreq_Value,PLLMUL,PLLN,PLLP,PLLQ,PLLQCLKFreq_Value,PLLQoutputFreq_Value,PLLRFreq_Value,PLLSAIPCLKFreq_Value,PLLSAIQCLKFreq_Value,PLLSAIRCLKFreq_Value,PLLSAIoutputFreq_Value,PRESCALERUSB,RNGFreq_Value,RTCFreq_Value,RTCHSEDivFreq_Value,SAI1Freq_Value,SAI2Freq_Value,SDMMC2Freq_Value,SDMMCFreq_Value,SPDIFRXFreq_Value,SYSCLKFreq_VALUE,SYSCLKSource,SYSCLKSourceVirtual,TIM15Freq_Value,TIM16Freq_Value,TIM17Freq_Value,TIM1Freq_Value,TIM20Freq_Value,TIM2Freq_Value,TIM3Freq_Value,TIM8Freq_Value,UART4Freq_Value,UART5Freq_Value,UART7Freq_Value,UART8Freq_Value,USART1Freq_Value,USART2Freq_Value,USART3Freq_Value,USART6Freq_Value,USBFreq_Value,VCOI2SOutputFreq_Value,VCOInputFreq_Value,VCOOutput2Freq_Value,VCOOutputFreq_Value,VCOSAIOutputFreq_Value,VcooutputI2S,WatchDogFreq_Value
RCC.LCDTFTFreq_Value=96000000
RCC.LCDTFToutputFreq_Value=96000000
RCC.LPTIM1Freq_Value=24000000
RCC.LSE_VALUE=32768
RCC.LSI_VALUE=32000
RCC.MCO1PinFreq_Value=16000000
RCC.MCO2PinFreq_Value=48000000
RCC.MCOFreq_Value=72000000
RCC.PLLCLKFreq_Value=48000000
RCC.PLLI2SPCLKFreq_Value=192000000
RCC.PLLI2SQCLKFreq_Value=192000000
RCC.PLLI2SRCLKFreq_Value=192000000
RCC.PLLI2SRoutputFreq_Value=192000000
RCC.PLLM=8
RCC.PLLMCOFreq_Value=72000000
RCC.PLLMUL=RCC_PLL_MUL9
RCC.PLLN=96
RCC.PLLP=RCC_PLLP_DIV4
RCC.PLLQ=4
RCC.PLLQCLKFreq_Value=48000000
RCC.PLLQoutputFreq_Value=48000000
RCC.PLLRFreq_Value=96000000
RCC.PLLSAIPCLKFreq_Value=192000000
RCC.PLLSAIQCLKFreq_Value=192000000
RCC.PLLSAIRCLKFreq_Value=192000000
RCC.PLLSAIoutputFreq_Value=192000000
RCC.PRESCALERUSB=RCC_USBCLKSOURCE_PLL_DIV1_5
RCC.RNGFreq_Value=48000000
RCC.RTCFreq_Value=32000
RCC.RTCHSEDivFreq_Value=4000000
RCC.SAI1Freq_Value=192000000
RCC.SAI2Freq_Value=192000000
RCC.SDMMC2Freq_Value=48000000
RCC.SDMMCFreq_Value=48000000
RCC.SPDIFRXFreq_Value=192000000
RCC.SYSCLKFreq_VALUE=48000000
RCC.SYSCLKSource=RCC_SYSCLKSOURCE_PLLCLK
RCC.SYSCLKSourceVirtual=RCC_SYSCLKSOURCE_PLLCLK
RCC.TIM15Freq_Value=72000000
RCC.TIM16Freq_Value=72000000
RCC.TIM17Freq_Value=72000000
RCC.TIM1Freq_Value=72000000
RCC.TIM20Freq_Value=72000000
RCC.TIM2Freq_Value=72000000
RCC.TIM3Freq_Value=72000000
RCC.TIM8Freq_Value=72000000
RCC.UART4Freq_Value=24000000
RCC.UART5Freq_Value=24000000
RCC.UART7Freq_Value=24000000
RCC.UART8Freq_Value=24000000
RCC.USART1Freq_Value=48000000
RCC.USART2Freq_Value=24000000
RCC.USART3Freq_Value=24000000
RCC.USART6Freq_Value=48000000
RCC.USBFreq_Value=48000000
RCC.VCOI2SOutputFreq_Value=384000000
RCC.VCOInputFreq_Value=2000000
RCC.VCOOutput2Freq_Value=8000000
RCC.VCOOutputFreq_Value=192000000
RCC.VCOSAIOutputFreq_Value=384000000
RCC.VcooutputI2S=48000000
RCC.WatchDogFreq_Value=32000
SDMMC1.ClockDiv=0
SDMMC1.IPParameters=ClockDiv
SH.GPXTI0.0=GPIO_EXTI0
SH.GPXTI0.ConfNb=1
SH.GPXTI1.0=GPIO_EXTI1
SH.GPXTI1.ConfNb=1
SH.GPXTI10.0=GPIO_EXTI10
SH.GPXTI10.ConfNb=1
SH.GPXTI13.0=GPIO_EXTI13
SH.GPXTI13.ConfNb=1
SH.GPXTI14.0=GPIO_EXTI14
SH.GPXTI14.ConfNb=1
SH.GPXTI15.0=GPIO_EXTI15
SH.GPXTI15.ConfNb=1
SH.GPXTI6.0=GPIO_EXTI6
SH.GPXTI6.ConfNb=1
SH.S_TIM1_CH1.0=TIM1_CH1
SH.S_TIM1_CH1.ConfNb=1
SH.S_TIM1_CH4.0=TIM1_CH4
SH.S_TIM1_CH4.ConfNb=1
SH.S_TIM2_CH1_ETR.0=TIM2_CH1,PWM Generation1 CH1
SH.S_TIM2_CH1_ETR.ConfNb=1
SH.S_TIM3_CH3.0=TIM3_CH3,PWM Generation3 CH3
SH.S_TIM3_CH3.ConfNb=1
SH.SharedAnalog_PC0.0=GPIO_Analog
SH.SharedAnalog_PC0.1=ADC3_IN10,IN10
SH.SharedAnalog_PC0.ConfNb=2
SH.SharedAnalog_PF5.0=GPIO_Analog
SH.SharedAnalog_PF5.1=ADC3_IN15,IN15
SH.SharedAnalog_PF5.ConfNb=2
SH.SharedAnalog_PF6.0=GPIO_Analog
SH.SharedAnalog_PF6.1=ADC3_IN4,IN4
SH.SharedAnalog_PF6.ConfNb=2
SH.SharedAnalog_PF7.0=GPIO_Analog
SH.SharedAnalog_PF7.1=ADC3_IN5,IN5
SH.SharedAnalog_PF7.ConfNb=2
SH.SharedAnalog_PF8.0=GPIO_Analog
SH.SharedAnalog_PF8.1=ADC3_IN6,IN6
SH.SharedAnalog_PF8.ConfNb=2
SH.SharedAnalog_PF9.0=GPIO_Analog
SH.SharedAnalog_PF9.1=ADC3_IN7,IN7
SH.SharedAnalog_PF9.ConfNb=2
SPI2.CalculateBaudRate=12.0 MBits/s
SPI2.Direction=SPI_DIRECTION_2LINES
SPI2.IPParameters=VirtualType,Mode,Direction,CalculateBaudRate,VirtualNSS
SPI2.Mode=SPI_MODE_MASTER
SPI2.VirtualNSS=VM_NSSHARD
SPI2.VirtualType=VM_MASTER
TIM2.AutoReloadPreload=TIM_AUTORELOAD_PRELOAD_ENABLE
TIM2.Channel-PWM\ Generation1\ CH1=TIM_CHANNEL_1
TIM2.IPParameters=Prescaler,Period,AutoReloadPreload,Channel-PWM Generation1 CH1
TIM2.Period=4800-1
TIM2.Prescaler=1-1
TIM3.AutoReloadPreload=TIM_AUTORELOAD_PRELOAD_ENABLE
TIM3.Channel-PWM\ Generation3\ CH3=TIM_CHANNEL_3
TIM3.IPParameters=Period,Prescaler,Channel-PWM Generation3 CH3,AutoReloadPreload,Pulse-PWM Generation3 CH3
TIM3.Period=4800-1
TIM3.Prescaler=1-1
TIM3.Pulse-PWM\ Generation3\ CH3=0
UART4.BaudRate=921600
UART4.IPParameters=BaudRate
USART2.BaudRate=921600
USART2.IPParameters=VirtualMode-Asynchronous,BaudRate
USART2.VirtualMode-Asynchronous=VM_ASYNC
VP_FATFS_VS_SDIO.Mode=SDIO
VP_FATFS_VS_SDIO.Signal=FATFS_VS_SDIO
VP_SYS_VS_tim6.Mode=TIM6
VP_SYS_VS_tim6.Signal=SYS_VS_tim6
VP_TIM2_VS_ClockSourceINT.Mode=Internal
VP_TIM2_VS_ClockSourceINT.Signal=TIM2_VS_ClockSourceINT
VP_TIM3_VS_ClockSourceINT.Mode=Internal
VP_TIM3_VS_ClockSourceINT.Signal=TIM3_VS_ClockSourceINT
board=NUCLEO-F767ZI
boardIOC=true
